
Microsoft Visual Studio Solution File, Format Version 12.00
# Visual Studio 2017
Project("{FAE04EC0-301F-11D3-BF4B-00C04F79EFBC}") = "Art-Game.Plugins", "Art-Game.Plugins.csproj", "{8095904A-B5D8-3ACE-00FF-D66B6FD71176}"
EndProject
Project("{FAE04EC0-301F-11D3-BF4B-00C04F79EFBC}") = "Art-Game", "Art-Game.csproj", "{88815AC3-7EBD-4228-8C6D-C4A380689AB6}"
EndProject
Project("{FAE04EC0-301F-11D3-BF4B-00C04F79EFBC}") = "Art-Game.Editor.Plugins", "Art-Game.Editor.Plugins.csproj", "{A72839B6-B0AE-0661-B77C-BDA8CA473FF9}"
EndProject
Global
	GlobalSection(SolutionConfigurationPlatforms) = preSolution
		Debug|Any CPU = Debug|Any CPU
		Release|Any CPU = Release|Any CPU
	EndGlobalSection
	GlobalSection(ProjectConfigurationPlatforms) = postSolution
		{8095904A-B5D8-3ACE-00FF-D66B6FD71176}.Debug|Any CPU.ActiveCfg = Debug|Any CPU
		{8095904A-B5D8-3ACE-00FF-D66B6FD71176}.Debug|Any CPU.Build.0 = Debug|Any CPU
		{8095904A-B5D8-3ACE-00FF-D66B6FD71176}.Release|Any CPU.ActiveCfg = Release|Any CPU
		{8095904A-B5D8-3ACE-00FF-D66B6FD71176}.Release|Any CPU.Build.0 = Release|Any CPU
		{88815AC3-7EBD-4228-8C6D-C4A380689AB6}.Debug|Any CPU.ActiveCfg = Debug|Any CPU
		{88815AC3-7EBD-4228-8C6D-C4A380689AB6}.Debug|Any CPU.Build.0 = Debug|Any CPU
		{88815AC3-7EBD-4228-8C6D-C4A380689AB6}.Release|Any CPU.ActiveCfg = Release|Any CPU
		{88815AC3-7EBD-4228-8C6D-C4A380689AB6}.Release|Any CPU.Build.0 = Release|Any CPU
		{A72839B6-B0AE-0661-B77C-BDA8CA473FF9}.Debug|Any CPU.ActiveCfg = Debug|Any CPU
		{A72839B6-B0AE-0661-B77C-BDA8CA473FF9}.Debug|Any CPU.Build.0 = Debug|Any CPU
		{A72839B6-B0AE-0661-B77C-BDA8CA473FF9}.Release|Any CPU.ActiveCfg = Release|Any CPU
		{A72839B6-B0AE-0661-B77C-BDA8CA473FF9}.Release|Any CPU.Build.0 = Release|Any CPU
	EndGlobalSection
	GlobalSection(SolutionProperties) = preSolution
		HideSolutionNode = FALSE
	EndGlobalSection
EndGlobal
