
Microsoft Visual Studio Solution File, Format Version 11.00
# Visual Studio 2010
Project("{FAE04EC0-301F-11D3-BF4B-00C04F79EFBC}") = "art-game", "Assembly-CSharp-firstpass.csproj", "{3FCB66E7-FD20-DCFD-DEA6-E6A15BB80741}"
EndProject
Project("{FAE04EC0-301F-11D3-BF4B-00C04F79EFBC}") = "art-game", "Assembly-CSharp.csproj", "{7C94AFC8-8225-71F1-9E70-D5C71531ED81}"
EndProject
Project("{FAE04EC0-301F-11D3-BF4B-00C04F79EFBC}") = "art-game", "Assembly-CSharp-Editor-firstpass.csproj", "{EFA82FE4-9541-23CC-A0FF-2F8156FA7AE3}"
EndProject
Global
	GlobalSection(SolutionConfigurationPlatforms) = preSolution
		Debug|Any CPU = Debug|Any CPU
		Release|Any CPU = Release|Any CPU
	EndGlobalSection
	GlobalSection(ProjectConfigurationPlatforms) = postSolution
		{3FCB66E7-FD20-DCFD-DEA6-E6A15BB80741}.Debug|Any CPU.ActiveCfg = Debug|Any CPU
		{3FCB66E7-FD20-DCFD-DEA6-E6A15BB80741}.Debug|Any CPU.Build.0 = Debug|Any CPU
		{3FCB66E7-FD20-DCFD-DEA6-E6A15BB80741}.Release|Any CPU.ActiveCfg = Release|Any CPU
		{3FCB66E7-FD20-DCFD-DEA6-E6A15BB80741}.Release|Any CPU.Build.0 = Release|Any CPU
		{7C94AFC8-8225-71F1-9E70-D5C71531ED81}.Debug|Any CPU.ActiveCfg = Debug|Any CPU
		{7C94AFC8-8225-71F1-9E70-D5C71531ED81}.Debug|Any CPU.Build.0 = Debug|Any CPU
		{7C94AFC8-8225-71F1-9E70-D5C71531ED81}.Release|Any CPU.ActiveCfg = Release|Any CPU
		{7C94AFC8-8225-71F1-9E70-D5C71531ED81}.Release|Any CPU.Build.0 = Release|Any CPU
		{EFA82FE4-9541-23CC-A0FF-2F8156FA7AE3}.Debug|Any CPU.ActiveCfg = Debug|Any CPU
		{EFA82FE4-9541-23CC-A0FF-2F8156FA7AE3}.Debug|Any CPU.Build.0 = Debug|Any CPU
		{EFA82FE4-9541-23CC-A0FF-2F8156FA7AE3}.Release|Any CPU.ActiveCfg = Release|Any CPU
		{EFA82FE4-9541-23CC-A0FF-2F8156FA7AE3}.Release|Any CPU.Build.0 = Release|Any CPU
	EndGlobalSection
	GlobalSection(SolutionProperties) = preSolution
		HideSolutionNode = FALSE
	EndGlobalSection
	GlobalSection(MonoDevelopProperties) = preSolution
		StartupItem = Assembly-CSharp.csproj
	EndGlobalSection
EndGlobal
