
Microsoft Visual Studio Solution File, Format Version 11.00
# Visual Studio 2010
Project("{FAE04EC0-301F-11D3-BF4B-00C04F79EFBC}") = "Art-Game-master", "Assembly-CSharp-firstpass.csproj", "{C8D1BE0E-C520-8AFC-584F-A54C6C5F22D5}"
EndProject
Project("{FAE04EC0-301F-11D3-BF4B-00C04F79EFBC}") = "Art-Game-master", "Assembly-CSharp.csproj", "{AD67B515-3569-9D65-506C-57233F015912}"
EndProject
Project("{FAE04EC0-301F-11D3-BF4B-00C04F79EFBC}") = "Art-Game-master", "Assembly-CSharp-Editor-firstpass.csproj", "{34A3D0B3-F0E6-0906-27FE-8C5F62190DEE}"
EndProject
Global
	GlobalSection(SolutionConfigurationPlatforms) = preSolution
		Debug|Any CPU = Debug|Any CPU
		Release|Any CPU = Release|Any CPU
	EndGlobalSection
	GlobalSection(ProjectConfigurationPlatforms) = postSolution
		{C8D1BE0E-C520-8AFC-584F-A54C6C5F22D5}.Debug|Any CPU.ActiveCfg = Debug|Any CPU
		{C8D1BE0E-C520-8AFC-584F-A54C6C5F22D5}.Debug|Any CPU.Build.0 = Debug|Any CPU
		{C8D1BE0E-C520-8AFC-584F-A54C6C5F22D5}.Release|Any CPU.ActiveCfg = Release|Any CPU
		{C8D1BE0E-C520-8AFC-584F-A54C6C5F22D5}.Release|Any CPU.Build.0 = Release|Any CPU
		{AD67B515-3569-9D65-506C-57233F015912}.Debug|Any CPU.ActiveCfg = Debug|Any CPU
		{AD67B515-3569-9D65-506C-57233F015912}.Debug|Any CPU.Build.0 = Debug|Any CPU
		{AD67B515-3569-9D65-506C-57233F015912}.Release|Any CPU.ActiveCfg = Release|Any CPU
		{AD67B515-3569-9D65-506C-57233F015912}.Release|Any CPU.Build.0 = Release|Any CPU
		{34A3D0B3-F0E6-0906-27FE-8C5F62190DEE}.Debug|Any CPU.ActiveCfg = Debug|Any CPU
		{34A3D0B3-F0E6-0906-27FE-8C5F62190DEE}.Debug|Any CPU.Build.0 = Debug|Any CPU
		{34A3D0B3-F0E6-0906-27FE-8C5F62190DEE}.Release|Any CPU.ActiveCfg = Release|Any CPU
		{34A3D0B3-F0E6-0906-27FE-8C5F62190DEE}.Release|Any CPU.Build.0 = Release|Any CPU
	EndGlobalSection
	GlobalSection(SolutionProperties) = preSolution
		HideSolutionNode = FALSE
	EndGlobalSection
	GlobalSection(MonoDevelopProperties) = preSolution
		StartupItem = Assembly-CSharp.csproj
	EndGlobalSection
EndGlobal
