Microsoft Visual Studio Solution File, Format Version 11.00
# Visual Studio 2008

Project("{9C7E987F-2EAA-8368-4BC6-4D2539ED1014}") = "Art Game", "Assembly-CSharp-firstpass.csproj", "{2DEF4540-AD5C-B96C-B910-8A54EC271BC8}"
EndProject
Project("{9C7E987F-2EAA-8368-4BC6-4D2539ED1014}") = "Art Game", "Assembly-CSharp.csproj", "{B9803668-2CAB-CC57-5CC2-DB0938B3D927}"
EndProject
Project("{9C7E987F-2EAA-8368-4BC6-4D2539ED1014}") = "Art Game", "Assembly-CSharp-Editor-firstpass.csproj", "{E2934FF4-428A-97BC-A9C8-C70F6B979E9E}"
EndProject
Global
	GlobalSection(SolutionConfigurationPlatforms) = preSolution
		Debug|Any CPU = Debug|Any CPU
		Release|Any CPU = Release|Any CPU
	EndGlobalSection
	GlobalSection(ProjectConfigurationPlatforms) = postSolution
		{2DEF4540-AD5C-B96C-B910-8A54EC271BC8}.Debug|Any CPU.ActiveCfg = Debug|Any CPU
		{2DEF4540-AD5C-B96C-B910-8A54EC271BC8}.Debug|Any CPU.Build.0 = Debug|Any CPU
		{2DEF4540-AD5C-B96C-B910-8A54EC271BC8}.Release|Any CPU.ActiveCfg = Release|Any CPU
		{2DEF4540-AD5C-B96C-B910-8A54EC271BC8}.Release|Any CPU.Build.0 = Release|Any CPU
		{B9803668-2CAB-CC57-5CC2-DB0938B3D927}.Debug|Any CPU.ActiveCfg = Debug|Any CPU
		{B9803668-2CAB-CC57-5CC2-DB0938B3D927}.Debug|Any CPU.Build.0 = Debug|Any CPU
		{B9803668-2CAB-CC57-5CC2-DB0938B3D927}.Release|Any CPU.ActiveCfg = Release|Any CPU
		{B9803668-2CAB-CC57-5CC2-DB0938B3D927}.Release|Any CPU.Build.0 = Release|Any CPU
		{E2934FF4-428A-97BC-A9C8-C70F6B979E9E}.Debug|Any CPU.ActiveCfg = Debug|Any CPU
		{E2934FF4-428A-97BC-A9C8-C70F6B979E9E}.Debug|Any CPU.Build.0 = Debug|Any CPU
		{E2934FF4-428A-97BC-A9C8-C70F6B979E9E}.Release|Any CPU.ActiveCfg = Release|Any CPU
		{E2934FF4-428A-97BC-A9C8-C70F6B979E9E}.Release|Any CPU.Build.0 = Release|Any CPU
	EndGlobalSection
	GlobalSection(SolutionProperties) = preSolution
		HideSolutionNode = FALSE
	EndGlobalSection
	GlobalSection(MonoDevelopProperties) = preSolution
		StartupItem = Assembly-CSharp.csproj
	EndGlobalSection
EndGlobal
