
Microsoft Visual Studio Solution File, Format Version 12.00
# Visual Studio 2017
Project("{FAE04EC0-301F-11D3-BF4B-00C04F79EFBC}") = "full-project", "full-project.csproj", "{96E5679C-AD78-EA3A-9973-149A170376F8}"
EndProject
Project("{FAE04EC0-301F-11D3-BF4B-00C04F79EFBC}") = "full-project.Plugins", "full-project.Plugins.csproj", "{77D0B9BD-3012-3A30-BFDD-C056F4FA592B}"
EndProject
Project("{FAE04EC0-301F-11D3-BF4B-00C04F79EFBC}") = "full-project.Editor.Plugins", "full-project.Editor.Plugins.csproj", "{67626616-143D-EA44-EC1B-54B584B37AC8}"
EndProject
Global
	GlobalSection(SolutionConfigurationPlatforms) = preSolution
		Debug|Any CPU = Debug|Any CPU
		Release|Any CPU = Release|Any CPU
	EndGlobalSection
	GlobalSection(ProjectConfigurationPlatforms) = postSolution
		{96E5679C-AD78-EA3A-9973-149A170376F8}.Debug|Any CPU.ActiveCfg = Debug|Any CPU
		{96E5679C-AD78-EA3A-9973-149A170376F8}.Debug|Any CPU.Build.0 = Debug|Any CPU
		{96E5679C-AD78-EA3A-9973-149A170376F8}.Release|Any CPU.ActiveCfg = Release|Any CPU
		{96E5679C-AD78-EA3A-9973-149A170376F8}.Release|Any CPU.Build.0 = Release|Any CPU
		{77D0B9BD-3012-3A30-BFDD-C056F4FA592B}.Debug|Any CPU.ActiveCfg = Debug|Any CPU
		{77D0B9BD-3012-3A30-BFDD-C056F4FA592B}.Debug|Any CPU.Build.0 = Debug|Any CPU
		{77D0B9BD-3012-3A30-BFDD-C056F4FA592B}.Release|Any CPU.ActiveCfg = Release|Any CPU
		{77D0B9BD-3012-3A30-BFDD-C056F4FA592B}.Release|Any CPU.Build.0 = Release|Any CPU
		{67626616-143D-EA44-EC1B-54B584B37AC8}.Debug|Any CPU.ActiveCfg = Debug|Any CPU
		{67626616-143D-EA44-EC1B-54B584B37AC8}.Debug|Any CPU.Build.0 = Debug|Any CPU
		{67626616-143D-EA44-EC1B-54B584B37AC8}.Release|Any CPU.ActiveCfg = Release|Any CPU
		{67626616-143D-EA44-EC1B-54B584B37AC8}.Release|Any CPU.Build.0 = Release|Any CPU
	EndGlobalSection
	GlobalSection(SolutionProperties) = preSolution
		HideSolutionNode = FALSE
	EndGlobalSection
EndGlobal
